// !$*UTF8*$!
{
	archiveVersion = 1;
	classes = {
	};
	objectVersion = 56;
	objects = {

/* Begin PBXBuildFile section */
		F8C3D4D029AC5CCB00657C7C /* GameApp.swift in Sources */ = {isa = PBXBuildFile; fileRef = F8C3D4CF29AC5CCB00657C7C /* GameApp.swift */; };
		F8C3D4D229AC5CCB00657C7C /* ContentView.swift in Sources */ = {isa = PBXBuildFile; fileRef = F8C3D4D129AC5CCB00657C7C /* ContentView.swift */; };
		F8C3D4D429AC5CCD00657C7C /* Assets.xcassets in Resources */ = {isa = PBXBuildFile; fileRef = F8C3D4D329AC5CCD00657C7C /* Assets.xcassets */; };
		F8C3D4D729AC5CCD00657C7C /* Preview Assets.xcassets in Resources */ = {isa = PBXBuildFile; fileRef = F8C3D4D629AC5CCD00657C7C /* Preview Assets.xcassets */; };
		F8C3D4E129AC5CCD00657C7C /* GameTests.swift in Sources */ = {isa = PBXBuildFile; fileRef = F8C3D4E029AC5CCD00657C7C /* GameTests.swift */; };
		F8C3D4EB29AC5CCD00657C7C /* GameUITests.swift in Sources */ = {isa = PBXBuildFile; fileRef = F8C3D4EA29AC5CCD00657C7C /* GameUITests.swift */; };
		F8C3D4ED29AC5CCD00657C7C /* GameUITestsLaunchTests.swift in Sources */ = {isa = PBXBuildFile; fileRef = F8C3D4EC29AC5CCD00657C7C /* GameUITestsLaunchTests.swift */; };
/* End PBXBuildFile section */

/* Begin PBXContainerItemProxy section */
		F8C3D4DD29AC5CCD00657C7C /* PBXContainerItemProxy */ = {
			isa = PBXContainerItemProxy;
			containerPortal = F8C3D4C429AC5CCB00657C7C /* Project object */;
			proxyType = 1;
			remoteGlobalIDString = F8C3D4CB29AC5CCB00657C7C;
			remoteInfo = Game;
		};
		F8C3D4E729AC5CCD00657C7C /* PBXContainerItemProxy */ = {
			isa = PBXContainerItemProxy;
			containerPortal = F8C3D4C429AC5CCB00657C7C /* Project object */;
			proxyType = 1;
			remoteGlobalIDString = F8C3D4CB29AC5CCB00657C7C;
			remoteInfo = Game;
		};
/* End PBXContainerItemProxy section */

/* Begin PBXFileReference section */
		F8C3D4CC29AC5CCB00657C7C /* Game.app */ = {isa = PBXFileReference; explicitFileType = wrapper.application; includeInIndex = 0; path = Game.app; sourceTree = BUILT_PRODUCTS_DIR; };
		F8C3D4CF29AC5CCB00657C7C /* GameApp.swift */ = {isa = PBXFileReference; lastKnownFileType = sourcecode.swift; path = GameApp.swift; sourceTree = "<group>"; };
		F8C3D4D129AC5CCB00657C7C /* ContentView.swift */ = {isa = PBXFileReference; lastKnownFileType = sourcecode.swift; path = ContentView.swift; sourceTree = "<group>"; };
		F8C3D4D329AC5CCD00657C7C /* Assets.xcassets */ = {isa = PBXFileReference; lastKnownFileType = folder.assetcatalog; path = Assets.xcassets; sourceTree = "<group>"; };
		F8C3D4D629AC5CCD00657C7C /* Preview Assets.xcassets */ = {isa = PBXFileReference; lastKnownFileType = folder.assetcatalog; path = "Preview Assets.xcassets"; sourceTree = "<group>"; };
		F8C3D4DC29AC5CCD00657C7C /* GameTests.xctest */ = {isa = PBXFileReference; explicitFileType = wrapper.cfbundle; includeInIndex = 0; path = GameTests.xctest; sourceTree = BUILT_PRODUCTS_DIR; };
		F8C3D4E029AC5CCD00657C7C /* GameTests.swift */ = {isa = PBXFileReference; lastKnownFileType = sourcecode.swift; path = GameTests.swift; sourceTree = "<group>"; };
		F8C3D4E629AC5CCD00657C7C /* GameUITests.xctest */ = {isa = PBXFileReference; explicitFileType = wrapper.cfbundle; includeInIndex = 0; path = GameUITests.xctest; sourceTree = BUILT_PRODUCTS_DIR; };
		F8C3D4EA29AC5CCD00657C7C /* GameUITests.swift */ = {isa = PBXFileReference; lastKnownFileType = sourcecode.swift; path = GameUITests.swift; sourceTree = "<group>"; };
		F8C3D4EC29AC5CCD00657C7C /* GameUITestsLaunchTests.swift */ = {isa = PBXFileReference; lastKnownFileType = sourcecode.swift; path = GameUITestsLaunchTests.swift; sourceTree = "<group>"; };
/* End PBXFileReference section */

/* Begin PBXFrameworksBuildPhase section */
		F8C3D4C929AC5CCB00657C7C /* Frameworks */ = {
			isa = PBXFrameworksBuildPhase;
			buildActionMask = 2147483647;
			files = (
			);
			runOnlyForDeploymentPostprocessing = 0;
		};
		F8C3D4D929AC5CCD00657C7C /* Frameworks */ = {
			isa = PBXFrameworksBuildPhase;
			buildActionMask = 2147483647;
			files = (
			);
			runOnlyForDeploymentPostprocessing = 0;
		};
		F8C3D4E329AC5CCD00657C7C /* Frameworks */ = {
			isa = PBXFrameworksBuildPhase;
			buildActionMask = 2147483647;
			files = (
			);
			runOnlyForDeploymentPostprocessing = 0;
		};
/* End PBXFrameworksBuildPhase section */

/* Begin PBXGroup section */
		F8C3D4C329AC5CCB00657C7C = {
			isa = PBXGroup;
			children = (
				F8C3D4CE29AC5CCB00657C7C /* Game */,
				F8C3D4DF29AC5CCD00657C7C /* GameTests */,
				F8C3D4E929AC5CCD00657C7C /* GameUITests */,
				F8C3D4CD29AC5CCB00657C7C /* Products */,
			);
			sourceTree = "<group>";
		};
		F8C3D4CD29AC5CCB00657C7C /* Products */ = {
			isa = PBXGroup;
			children = (
				F8C3D4CC29AC5CCB00657C7C /* Game.app */,
				F8C3D4DC29AC5CCD00657C7C /* GameTests.xctest */,
				F8C3D4E629AC5CCD00657C7C /* GameUITests.xctest */,
			);
			name = Products;
			sourceTree = "<group>";
		};
		F8C3D4CE29AC5CCB00657C7C /* Game */ = {
			isa = PBXGroup;
			children = (
				F8C3D4CF29AC5CCB00657C7C /* GameApp.swift */,
				F8C3D4D129AC5CCB00657C7C /* ContentView.swift */,
				F8C3D4D329AC5CCD00657C7C /* Assets.xcassets */,
				F8C3D4D529AC5CCD00657C7C /* Preview Content */,
			);
			path = Game;
			sourceTree = "<group>";
		};
		F8C3D4D529AC5CCD00657C7C /* Preview Content */ = {
			isa = PBXGroup;
			children = (
				F8C3D4D629AC5CCD00657C7C /* Preview Assets.xcassets */,
			);
			path = "Preview Content";
			sourceTree = "<group>";
		};
		F8C3D4DF29AC5CCD00657C7C /* GameTests */ = {
			isa = PBXGroup;
			children = (
				F8C3D4E029AC5CCD00657C7C /* GameTests.swift */,
			);
			path = GameTests;
			sourceTree = "<group>";
		};
		F8C3D4E929AC5CCD00657C7C /* GameUITests */ = {
			isa = PBXGroup;
			children = (
				F8C3D4EA29AC5CCD00657C7C /* GameUITests.swift */,
				F8C3D4EC29AC5CCD00657C7C /* GameUITestsLaunchTests.swift */,
			);
			path = GameUITests;
			sourceTree = "<group>";
		};
/* End PBXGroup section */

/* Begin PBXNativeTarget section */
		F8C3D4CB29AC5CCB00657C7C /* Game */ = {
			isa = PBXNativeTarget;
			buildConfigurationList = F8C3D4F029AC5CCD00657C7C /* Build configuration list for PBXNativeTarget "Game" */;
			buildPhases = (
				F8C3D4C829AC5CCB00657C7C /* Sources */,
				F8C3D4C929AC5CCB00657C7C /* Frameworks */,
				F8C3D4CA29AC5CCB00657C7C /* Resources */,
			);
			buildRules = (
			);
			dependencies = (
			);
			name = Game;
			productName = Game;
			productReference = F8C3D4CC29AC5CCB00657C7C /* Game.app */;
			productType = "com.apple.product-type.application";
		};
		F8C3D4DB29AC5CCD00657C7C /* GameTests */ = {
			isa = PBXNativeTarget;
			buildConfigurationList = F8C3D4F329AC5CCD00657C7C /* Build configuration list for PBXNativeTarget "GameTests" */;
			buildPhases = (
				F8C3D4D829AC5CCD00657C7C /* Sources */,
				F8C3D4D929AC5CCD00657C7C /* Frameworks */,
				F8C3D4DA29AC5CCD00657C7C /* Resources */,
			);
			buildRules = (
			);
			dependencies = (
				F8C3D4DE29AC5CCD00657C7C /* PBXTargetDependency */,
			);
			name = GameTests;
			productName = GameTests;
			productReference = F8C3D4DC29AC5CCD00657C7C /* GameTests.xctest */;
			productType = "com.apple.product-type.bundle.unit-test";
		};
		F8C3D4E529AC5CCD00657C7C /* GameUITests */ = {
			isa = PBXNativeTarget;
			buildConfigurationList = F8C3D4F629AC5CCD00657C7C /* Build configuration list for PBXNativeTarget "GameUITests" */;
			buildPhases = (
				F8C3D4E229AC5CCD00657C7C /* Sources */,
				F8C3D4E329AC5CCD00657C7C /* Frameworks */,
				F8C3D4E429AC5CCD00657C7C /* Resources */,
			);
			buildRules = (
			);
			dependencies = (
				F8C3D4E829AC5CCD00657C7C /* PBXTargetDependency */,
			);
			name = GameUITests;
			productName = GameUITests;
			productReference = F8C3D4E629AC5CCD00657C7C /* GameUITests.xctest */;
			productType = "com.apple.product-type.bundle.ui-testing";
		};
/* End PBXNativeTarget section */

/* Begin PBXProject section */
		F8C3D4C429AC5CCB00657C7C /* Project object */ = {
			isa = PBXProject;
			attributes = {
				BuildIndependentTargetsInParallel = 1;
				LastSwiftUpdateCheck = 1400;
				LastUpgradeCheck = 1400;
				TargetAttributes = {
					F8C3D4CB29AC5CCB00657C7C = {
						CreatedOnToolsVersion = 14.0.1;
					};
					F8C3D4DB29AC5CCD00657C7C = {
						CreatedOnToolsVersion = 14.0.1;
						TestTargetID = F8C3D4CB29AC5CCB00657C7C;
					};
					F8C3D4E529AC5CCD00657C7C = {
						CreatedOnToolsVersion = 14.0.1;
						TestTargetID = F8C3D4CB29AC5CCB00657C7C;
					};
				};
			};
			buildConfigurationList = F8C3D4C729AC5CCB00657C7C /* Build configuration list for PBXProject "Game" */;
			compatibilityVersion = "Xcode 14.0";
			developmentRegion = en;
			hasScannedForEncodings = 0;
			knownRegions = (
				en,
				Base,
			);
			mainGroup = F8C3D4C329AC5CCB00657C7C;
			productRefGroup = F8C3D4CD29AC5CCB00657C7C /* Products */;
			projectDirPath = "";
			projectRoot = "";
			targets = (
				F8C3D4CB29AC5CCB00657C7C /* Game */,
				F8C3D4DB29AC5CCD00657C7C /* GameTests */,
				F8C3D4E529AC5CCD00657C7C /* GameUITests */,
			);
		};
/* End PBXProject section */

/* Begin PBXResourcesBuildPhase section */
		F8C3D4CA29AC5CCB00657C7C /* Resources */ = {
			isa = PBXResourcesBuildPhase;
			buildActionMask = 2147483647;
			files = (
				F8C3D4D729AC5CCD00657C7C /* Preview Assets.xcassets in Resources */,
				F8C3D4D429AC5CCD00657C7C /* Assets.xcassets in Resources */,
			);
			runOnlyForDeploymentPostprocessing = 0;
		};
		F8C3D4DA29AC5CCD00657C7C /* Resources */ = {
			isa = PBXResourcesBuildPhase;
			buildActionMask = 2147483647;
			files = (
			);
			runOnlyForDeploymentPostprocessing = 0;
		};
		F8C3D4E429AC5CCD00657C7C /* Resources */ = {
			isa = PBXResourcesBuildPhase;
			buildActionMask = 2147483647;
			files = (
			);
			runOnlyForDeploymentPostprocessing = 0;
		};
/* End PBXResourcesBuildPhase section */

/* Begin PBXSourcesBuildPhase section */
		F8C3D4C829AC5CCB00657C7C /* Sources */ = {
			isa = PBXSourcesBuildPhase;
			buildActionMask = 2147483647;
			files = (
				F8C3D4D229AC5CCB00657C7C /* ContentView.swift in Sources */,
				F8C3D4D029AC5CCB00657C7C /* GameApp.swift in Sources */,
			);
			runOnlyForDeploymentPostprocessing = 0;
		};
		F8C3D4D829AC5CCD00657C7C /* Sources */ = {
			isa = PBXSourcesBuildPhase;
			buildActionMask = 2147483647;
			files = (
				F8C3D4E129AC5CCD00657C7C /* GameTests.swift in Sources */,
			);
			runOnlyForDeploymentPostprocessing = 0;
		};
		F8C3D4E229AC5CCD00657C7C /* Sources */ = {
			isa = PBXSourcesBuildPhase;
			buildActionMask = 2147483647;
			files = (
				F8C3D4ED29AC5CCD00657C7C /* GameUITestsLaunchTests.swift in Sources */,
				F8C3D4EB29AC5CCD00657C7C /* GameUITests.swift in Sources */,
			);
			runOnlyForDeploymentPostprocessing = 0;
		};
/* End PBXSourcesBuildPhase section */

/* Begin PBXTargetDependency section */
		F8C3D4DE29AC5CCD00657C7C /* PBXTargetDependency */ = {
			isa = PBXTargetDependency;
			target = F8C3D4CB29AC5CCB00657C7C /* Game */;
			targetProxy = F8C3D4DD29AC5CCD00657C7C /* PBXContainerItemProxy */;
		};
		F8C3D4E829AC5CCD00657C7C /* PBXTargetDependency */ = {
			isa = PBXTargetDependency;
			target = F8C3D4CB29AC5CCB00657C7C /* Game */;
			targetProxy = F8C3D4E729AC5CCD00657C7C /* PBXContainerItemProxy */;
		};
/* End PBXTargetDependency section */

/* Begin XCBuildConfiguration section */
		F8C3D4EE29AC5CCD00657C7C /* Debug */ = {
			isa = XCBuildConfiguration;
			buildSettings = {
				ALWAYS_SEARCH_USER_PATHS = NO;
				CLANG_ANALYZER_NONNULL = YES;
				CLANG_ANALYZER_NUMBER_OBJECT_CONVERSION = YES_AGGRESSIVE;
				CLANG_CXX_LANGUAGE_STANDARD = "gnu++20";
				CLANG_ENABLE_MODULES = YES;
				CLANG_ENABLE_OBJC_ARC = YES;
				CLANG_ENABLE_OBJC_WEAK = YES;
				CLANG_WARN_BLOCK_CAPTURE_AUTORELEASING = YES;
				CLANG_WARN_BOOL_CONVERSION = YES;
				CLANG_WARN_COMMA = YES;
				CLANG_WARN_CONSTANT_CONVERSION = YES;
				CLANG_WARN_DEPRECATED_OBJC_IMPLEMENTATIONS = YES;
				CLANG_WARN_DIRECT_OBJC_ISA_USAGE = YES_ERROR;
				CLANG_WARN_DOCUMENTATION_COMMENTS = YES;
				CLANG_WARN_EMPTY_BODY = YES;
				CLANG_WARN_ENUM_CONVERSION = YES;
				CLANG_WARN_INFINITE_RECURSION = YES;
				CLANG_WARN_INT_CONVERSION = YES;
				CLANG_WARN_NON_LITERAL_NULL_CONVERSION = YES;
				CLANG_WARN_OBJC_IMPLICIT_RETAIN_SELF = YES;
				CLANG_WARN_OBJC_LITERAL_CONVERSION = YES;
				CLANG_WARN_OBJC_ROOT_CLASS = YES_ERROR;
				CLANG_WARN_QUOTED_INCLUDE_IN_FRAMEWORK_HEADER = YES;
				CLANG_WARN_RANGE_LOOP_ANALYSIS = YES;
				CLANG_WARN_STRICT_PROTOTYPES = YES;
				CLANG_WARN_SUSPICIOUS_MOVE = YES;
				CLANG_WARN_UNGUARDED_AVAILABILITY = YES_AGGRESSIVE;
				CLANG_WARN_UNREACHABLE_CODE = YES;
				CLANG_WARN__DUPLICATE_METHOD_MATCH = YES;
				COPY_PHASE_STRIP = NO;
				DEBUG_INFORMATION_FORMAT = dwarf;
				ENABLE_STRICT_OBJC_MSGSEND = YES;
				ENABLE_TESTABILITY = YES;
				GCC_C_LANGUAGE_STANDARD = gnu11;
				GCC_DYNAMIC_NO_PIC = NO;
				GCC_NO_COMMON_BLOCKS = YES;
				GCC_OPTIMIZATION_LEVEL = 0;
				GCC_PREPROCESSOR_DEFINITIONS = (
					"DEBUG=1",
					"$(inherited)",
				);
				GCC_WARN_64_TO_32_BIT_CONVERSION = YES;
				GCC_WARN_ABOUT_RETURN_TYPE = YES_ERROR;
				GCC_WARN_UNDECLARED_SELECTOR = YES;
				GCC_WARN_UNINITIALIZED_AUTOS = YES_AGGRESSIVE;
				GCC_WARN_UNUSED_FUNCTION = YES;
				GCC_WARN_UNUSED_VARIABLE = YES;
				IPHONEOS_DEPLOYMENT_TARGET = 16.0;
				MTL_ENABLE_DEBUG_INFO = INCLUDE_SOURCE;
				MTL_FAST_MATH = YES;
				ONLY_ACTIVE_ARCH = YES;
				SDKROOT = iphoneos;
				SWIFT_ACTIVE_COMPILATION_CONDITIONS = DEBUG;
				SWIFT_OPTIMIZATION_LEVEL = "-Onone";
			};
			name = Debug;
		};
		F8C3D4EF29AC5CCD00657C7C /* Release */ = {
			isa = XCBuildConfiguration;
			buildSettings = {
				ALWAYS_SEARCH_USER_PATHS = NO;
				CLANG_ANALYZER_NONNULL = YES;
				CLANG_ANALYZER_NUMBER_OBJECT_CONVERSION = YES_AGGRESSIVE;
				CLANG_CXX_LANGUAGE_STANDARD = "gnu++20";
				CLANG_ENABLE_MODULES = YES;
				CLANG_ENABLE_OBJC_ARC = YES;
				CLANG_ENABLE_OBJC_WEAK = YES;
				CLANG_WARN_BLOCK_CAPTURE_AUTORELEASING = YES;
				CLANG_WARN_BOOL_CONVERSION = YES;
				CLANG_WARN_COMMA = YES;
				CLANG_WARN_CONSTANT_CONVERSION = YES;
				CLANG_WARN_DEPRECATED_OBJC_IMPLEMENTATIONS = YES;
				CLANG_WARN_DIRECT_OBJC_ISA_USAGE = YES_ERROR;
				CLANG_WARN_DOCUMENTATION_COMMENTS = YES;
				CLANG_WARN_EMPTY_BODY = YES;
				CLANG_WARN_ENUM_CONVERSION = YES;
				CLANG_WARN_INFINITE_RECURSION = YES;
				CLANG_WARN_INT_CONVERSION = YES;
				CLANG_WARN_NON_LITERAL_NULL_CONVERSION = YES;
				CLANG_WARN_OBJC_IMPLICIT_RETAIN_SELF = YES;
				CLANG_WARN_OBJC_LITERAL_CONVERSION = YES;
				CLANG_WARN_OBJC_ROOT_CLASS = YES_ERROR;
				CLANG_WARN_QUOTED_INCLUDE_IN_FRAMEWORK_HEADER = YES;
				CLANG_WARN_RANGE_LOOP_ANALYSIS = YES;
				CLANG_WARN_STRICT_PROTOTYPES = YES;
				CLANG_WARN_SUSPICIOUS_MOVE = YES;
				CLANG_WARN_UNGUARDED_AVAILABILITY = YES_AGGRESSIVE;
				CLANG_WARN_UNREACHABLE_CODE = YES;
				CLANG_WARN__DUPLICATE_METHOD_MATCH = YES;
				COPY_PHASE_STRIP = NO;
				DEBUG_INFORMATION_FORMAT = "dwarf-with-dsym";
				ENABLE_NS_ASSERTIONS = NO;
				ENABLE_STRICT_OBJC_MSGSEND = YES;
				GCC_C_LANGUAGE_STANDARD = gnu11;
				GCC_NO_COMMON_BLOCKS = YES;
				GCC_WARN_64_TO_32_BIT_CONVERSION = YES;
				GCC_WARN_ABOUT_RETURN_TYPE = YES_ERROR;
				GCC_WARN_UNDECLARED_SELECTOR = YES;
				GCC_WARN_UNINITIALIZED_AUTOS = YES_AGGRESSIVE;
				GCC_WARN_UNUSED_FUNCTION = YES;
				GCC_WARN_UNUSED_VARIABLE = YES;
				IPHONEOS_DEPLOYMENT_TARGET = 16.0;
				MTL_ENABLE_DEBUG_INFO = NO;
				MTL_FAST_MATH = YES;
				SDKROOT = iphoneos;
				SWIFT_COMPILATION_MODE = wholemodule;
				SWIFT_OPTIMIZATION_LEVEL = "-O";
				VALIDATE_PRODUCT = YES;
			};
			name = Release;
		};
		F8C3D4F129AC5CCD00657C7C /* Debug */ = {
			isa = XCBuildConfiguration;
			buildSettings = {
				ASSETCATALOG_COMPILER_APPICON_NAME = AppIcon;
				ASSETCATALOG_COMPILER_GLOBAL_ACCENT_COLOR_NAME = AccentColor;
				CODE_SIGN_STYLE = Automatic;
				CURRENT_PROJECT_VERSION = 1;
				DEVELOPMENT_ASSET_PATHS = "\"Game/Preview Content\"";
				ENABLE_PREVIEWS = YES;
				GENERATE_INFOPLIST_FILE = YES;
				INFOPLIST_KEY_UIApplicationSceneManifest_Generation = YES;
				INFOPLIST_KEY_UIApplicationSupportsIndirectInputEvents = YES;
				INFOPLIST_KEY_UILaunchScreen_Generation = YES;
				INFOPLIST_KEY_UISupportedInterfaceOrientations_iPad = "UIInterfaceOrientationPortrait UIInterfaceOrientationPortraitUpsideDown UIInterfaceOrientationLandscapeLeft UIInterfaceOrientationLandscapeRight";
				INFOPLIST_KEY_UISupportedInterfaceOrientations_iPhone = "UIInterfaceOrientationPortrait UIInterfaceOrientationLandscapeLeft UIInterfaceOrientationLandscapeRight";
				LD_RUNPATH_SEARCH_PATHS = (
					"$(inherited)",
					"@executable_path/Frameworks",
				);
				MARKETING_VERSION = 1.0;
				PRODUCT_BUNDLE_IDENTIFIER = com.longstake.bettips.Game;
				PRODUCT_NAME = "$(TARGET_NAME)";
				SWIFT_EMIT_LOC_STRINGS = YES;
				SWIFT_VERSION = 5.0;
				TARGETED_DEVICE_FAMILY = "1,2";
			};
			name = Debug;
		};
		F8C3D4F229AC5CCD00657C7C /* Release */ = {
			isa = XCBuildConfiguration;
			buildSettings = {
				ASSETCATALOG_COMPILER_APPICON_NAME = AppIcon;
				ASSETCATALOG_COMPILER_GLOBAL_ACCENT_COLOR_NAME = AccentColor;
				CODE_SIGN_STYLE = Automatic;
				CURRENT_PROJECT_VERSION = 1;
				DEVELOPMENT_ASSET_PATHS = "\"Game/Preview Content\"";
				ENABLE_PREVIEWS = YES;
				GENERATE_INFOPLIST_FILE = YES;
				INFOPLIST_KEY_UIApplicationSceneManifest_Generation = YES;
				INFOPLIST_KEY_UIApplicationSupportsIndirectInputEvents = YES;
				INFOPLIST_KEY_UILaunchScreen_Generation = YES;
				INFOPLIST_KEY_UISupportedInterfaceOrientations_iPad = "UIInterfaceOrientationPortrait UIInterfaceOrientationPortraitUpsideDown UIInterfaceOrientationLandscapeLeft UIInterfaceOrientationLandscapeRight";
				INFOPLIST_KEY_UISupportedInterfaceOrientations_iPhone = "UIInterfaceOrientationPortrait UIInterfaceOrientationLandscapeLeft UIInterfaceOrientationLandscapeRight";
				LD_RUNPATH_SEARCH_PATHS = (
					"$(inherited)",
					"@executable_path/Frameworks",
				);
				MARKETING_VERSION = 1.0;
				PRODUCT_BUNDLE_IDENTIFIER = com.longstake.bettips.Game;
				PRODUCT_NAME = "$(TARGET_NAME)";
				SWIFT_EMIT_LOC_STRINGS = YES;
				SWIFT_VERSION = 5.0;
				TARGETED_DEVICE_FAMILY = "1,2";
			};
			name = Release;
		};
		F8C3D4F429AC5CCD00657C7C /* Debug */ = {
			isa = XCBuildConfiguration;
			buildSettings = {
				ALWAYS_EMBED_SWIFT_STANDARD_LIBRARIES = YES;
				BUNDLE_LOADER = "$(TEST_HOST)";
				CODE_SIGN_STYLE = Automatic;
				CURRENT_PROJECT_VERSION = 1;
				GENERATE_INFOPLIST_FILE = YES;
				IPHONEOS_DEPLOYMENT_TARGET = 16.0;
				MARKETING_VERSION = 1.0;
				PRODUCT_BUNDLE_IDENTIFIER = com.longstake.bettips.GameTests;
				PRODUCT_NAME = "$(TARGET_NAME)";
				SWIFT_EMIT_LOC_STRINGS = NO;
				SWIFT_VERSION = 5.0;
				TARGETED_DEVICE_FAMILY = "1,2";
				TEST_HOST = "$(BUILT_PRODUCTS_DIR)/Game.app/$(BUNDLE_EXECUTABLE_FOLDER_PATH)/Game";
			};
			name = Debug;
		};
		F8C3D4F529AC5CCD00657C7C /* Release */ = {
			isa = XCBuildConfiguration;
			buildSettings = {
				ALWAYS_EMBED_SWIFT_STANDARD_LIBRARIES = YES;
				BUNDLE_LOADER = "$(TEST_HOST)";
				CODE_SIGN_STYLE = Automatic;
				CURRENT_PROJECT_VERSION = 1;
				GENERATE_INFOPLIST_FILE = YES;
				IPHONEOS_DEPLOYMENT_TARGET = 16.0;
				MARKETING_VERSION = 1.0;
				PRODUCT_BUNDLE_IDENTIFIER = com.longstake.bettips.GameTests;
				PRODUCT_NAME = "$(TARGET_NAME)";
				SWIFT_EMIT_LOC_STRINGS = NO;
				SWIFT_VERSION = 5.0;
				TARGETED_DEVICE_FAMILY = "1,2";
				TEST_HOST = "$(BUILT_PRODUCTS_DIR)/Game.app/$(BUNDLE_EXECUTABLE_FOLDER_PATH)/Game";
			};
			name = Release;
		};
		F8C3D4F729AC5CCD00657C7C /* Debug */ = {
			isa = XCBuildConfiguration;
			buildSettings = {
				ALWAYS_EMBED_SWIFT_STANDARD_LIBRARIES = YES;
				CODE_SIGN_STYLE = Automatic;
				CURRENT_PROJECT_VERSION = 1;
				GENERATE_INFOPLIST_FILE = YES;
				MARKETING_VERSION = 1.0;
				PRODUCT_BUNDLE_IDENTIFIER = com.longstake.bettips.GameUITests;
				PRODUCT_NAME = "$(TARGET_NAME)";
				SWIFT_EMIT_LOC_STRINGS = NO;
				SWIFT_VERSION = 5.0;
				TARGETED_DEVICE_FAMILY = "1,2";
				TEST_TARGET_NAME = Game;
			};
			name = Debug;
		};
		F8C3D4F829AC5CCD00657C7C /* Release */ = {
			isa = XCBuildConfiguration;
			buildSettings = {
				ALWAYS_EMBED_SWIFT_STANDARD_LIBRARIES = YES;
				CODE_SIGN_STYLE = Automatic;
				CURRENT_PROJECT_VERSION = 1;
				GENERATE_INFOPLIST_FILE = YES;
				MARKETING_VERSION = 1.0;
				PRODUCT_BUNDLE_IDENTIFIER = com.longstake.bettips.GameUITests;
				PRODUCT_NAME = "$(TARGET_NAME)";
				SWIFT_EMIT_LOC_STRINGS = NO;
				SWIFT_VERSION = 5.0;
				TARGETED_DEVICE_FAMILY = "1,2";
				TEST_TARGET_NAME = Game;
			};
			name = Release;
		};
/* End XCBuildConfiguration section */

/* Begin XCConfigurationList section */
		F8C3D4C729AC5CCB00657C7C /* Build configuration list for PBXProject "Game" */ = {
			isa = XCConfigurationList;
			buildConfigurations = (
				F8C3D4EE29AC5CCD00657C7C /* Debug */,
				F8C3D4EF29AC5CCD00657C7C /* Release */,
			);
			defaultConfigurationIsVisible = 0;
			defaultConfigurationName = Release;
		};
		F8C3D4F029AC5CCD00657C7C /* Build configuration list for PBXNativeTarget "Game" */ = {
			isa = XCConfigurationList;
			buildConfigurations = (
				F8C3D4F129AC5CCD00657C7C /* Debug */,
				F8C3D4F229AC5CCD00657C7C /* Release */,
			);
			defaultConfigurationIsVisible = 0;
			defaultConfigurationName = Release;
		};
		F8C3D4F329AC5CCD00657C7C /* Build configuration list for PBXNativeTarget "GameTests" */ = {
			isa = XCConfigurationList;
			buildConfigurations = (
				F8C3D4F429AC5CCD00657C7C /* Debug */,
				F8C3D4F529AC5CCD00657C7C /* Release */,
			);
			defaultConfigurationIsVisible = 0;
			defaultConfigurationName = Release;
		};
		F8C3D4F629AC5CCD00657C7C /* Build configuration list for PBXNativeTarget "GameUITests" */ = {
			isa = XCConfigurationList;
			buildConfigurations = (
				F8C3D4F729AC5CCD00657C7C /* Debug */,
				F8C3D4F829AC5CCD00657C7C /* Release */,
			);
			defaultConfigurationIsVisible = 0;
			defaultConfigurationName = Release;
		};
/* End XCConfigurationList section */
	};
	rootObject = F8C3D4C429AC5CCB00657C7C /* Project object */;
}
